{
  "name": "codex-pooler-node",
  "version": "0.1.0",
  "lockfileVersion": 3,
  "requires": true,
  "packages": {
    "": {
      "name": "codex-pooler-node",
      "version": "0.1.0",
      "dependencies": {
        "fzstd": "0.1.1",
        "ws": "^8.21.1"
      }
    },
    "node_modules/fzstd": {
      "version": "0.1.1",
      "resolved": "https://npm.shopee.io/fzstd/-/fzstd-0.1.1.tgz",
      "integrity": "sha512-dkuVSOKKwh3eas5VkJy1AW1vFpet8TA/fGmVA5krThl8YcOVE/8ZIoEA1+U1vEn5ckxxhLirSdY837azmbaNHA==",
      "license": "MIT"
    },
    "node_modules/ws": {
      "version": "8.21.1",
      "resolved": "https://npm.shopee.io/ws/-/ws-8.21.1.tgz",
      "integrity": "sha512-+0NTnW77fFN/DjQi6k/Sq/Yvk4Sgajw7urW8V+asjXnRgDs9gyGkdb7EzgfhA4goXsRIZKE28fzIXBHEzhuiWw==",
      "license": "MIT",
      "engines": {
        "node": ">=10.0.0"
      },
      "peerDependencies": {
        "bufferutil": "^4.0.1",
        "utf-8-validate": ">=5.0.2"
      },
      "peerDependenciesMeta": {
        "bufferutil": {
          "optional": true
        },
        "utf-8-validate": {
          "optional": true
        }
      }
    }
  }
}
